// !$*UTF8*$!
{
	archiveVersion = 1;
	classes = {
	};
	objectVersion = 50;
	objects = {

/* Begin PBXBuildFile section */
		2127A8D32475CEEC0010C08C /* AppDelegate.swift in Sources */ = {isa = PBXBuildFile; fileRef = 2127A8D22475CEEC0010C08C /* AppDelegate.swift */; };
		2127A8D52475CEEC0010C08C /* SceneDelegate.swift in Sources */ = {isa = PBXBuildFile; fileRef = 2127A8D42475CEEC0010C08C /* SceneDelegate.swift */; };
		2127A8D72475CEEC0010C08C /* LandmarkDetail.swift in Sources */ = {isa = PBXBuildFile; fileRef = 2127A8D62475CEEC0010C08C /* LandmarkDetail.swift */; };
		2127A8D92475CEED0010C08C /* Assets.xcassets in Resources */ = {isa = PBXBuildFile; fileRef = 2127A8D82475CEED0010C08C /* Assets.xcassets */; };
		2127A8DC2475CEED0010C08C /* Preview Assets.xcassets in Resources */ = {isa = PBXBuildFile; fileRef = 2127A8DB2475CEED0010C08C /* Preview Assets.xcassets */; };
		2127A8DF2475CEED0010C08C /* LaunchScreen.storyboard in Resources */ = {isa = PBXBuildFile; fileRef = 2127A8DD2475CEED0010C08C /* LaunchScreen.storyboard */; };
		2127A8EA2475CEED0010C08C /* LandmarksTests.swift in Sources */ = {isa = PBXBuildFile; fileRef = 2127A8E92475CEED0010C08C /* LandmarksTests.swift */; };
		2127A8F52475CEED0010C08C /* LandmarksUITests.swift in Sources */ = {isa = PBXBuildFile; fileRef = 2127A8F42475CEED0010C08C /* LandmarksUITests.swift */; };
		2127A9032475D3E50010C08C /* CircleImage.swift in Sources */ = {isa = PBXBuildFile; fileRef = 2127A9022475D3E50010C08C /* CircleImage.swift */; };
		2127A9052475D4C80010C08C /* MapView.swift in Sources */ = {isa = PBXBuildFile; fileRef = 2127A9042475D4C80010C08C /* MapView.swift */; };
		2127A9072475D8550010C08C /* LandmarkRow.swift in Sources */ = {isa = PBXBuildFile; fileRef = 2127A9062475D8550010C08C /* LandmarkRow.swift */; };
		2127A90A2475D9270010C08C /* Landmark.swift in Sources */ = {isa = PBXBuildFile; fileRef = 2127A9092475D9270010C08C /* Landmark.swift */; };
		2127A90D2475D9950010C08C /* landmarkData.json in Resources */ = {isa = PBXBuildFile; fileRef = 2127A90C2475D9950010C08C /* landmarkData.json */; };
		2127A91C2475DB610010C08C /* umbagog.jpg in Resources */ = {isa = PBXBuildFile; fileRef = 2127A9102475DB610010C08C /* umbagog.jpg */; };
		2127A91D2475DB610010C08C /* turtlerock.jpg in Resources */ = {isa = PBXBuildFile; fileRef = 2127A9112475DB610010C08C /* turtlerock.jpg */; };
		2127A91E2475DB610010C08C /* twinlake.jpg in Resources */ = {isa = PBXBuildFile; fileRef = 2127A9122475DB610010C08C /* twinlake.jpg */; };
		2127A91F2475DB610010C08C /* rainbowlake.jpg in Resources */ = {isa = PBXBuildFile; fileRef = 2127A9132475DB610010C08C /* rainbowlake.jpg */; };
		2127A9202475DB610010C08C /* hiddenlake.jpg in Resources */ = {isa = PBXBuildFile; fileRef = 2127A9142475DB610010C08C /* hiddenlake.jpg */; };
		2127A9212475DB610010C08C /* chilkoottrail.jpg in Resources */ = {isa = PBXBuildFile; fileRef = 2127A9152475DB610010C08C /* chilkoottrail.jpg */; };
		2127A9222475DB610010C08C /* icybay.jpg in Resources */ = {isa = PBXBuildFile; fileRef = 2127A9162475DB610010C08C /* icybay.jpg */; };
		2127A9232475DB610010C08C /* silversalmoncreek.jpg in Resources */ = {isa = PBXBuildFile; fileRef = 2127A9172475DB610010C08C /* silversalmoncreek.jpg */; };
		2127A9242475DB610010C08C /* stmarylake.jpg in Resources */ = {isa = PBXBuildFile; fileRef = 2127A9182475DB610010C08C /* stmarylake.jpg */; };
		2127A9252475DB610010C08C /* yukon_charleyrivers.jpg in Resources */ = {isa = PBXBuildFile; fileRef = 2127A9192475DB610010C08C /* yukon_charleyrivers.jpg */; };
		2127A9262475DB610010C08C /* lakemcdonald.jpg in Resources */ = {isa = PBXBuildFile; fileRef = 2127A91A2475DB610010C08C /* lakemcdonald.jpg */; };
		2127A9272475DB610010C08C /* chincoteague.jpg in Resources */ = {isa = PBXBuildFile; fileRef = 2127A91B2475DB610010C08C /* chincoteague.jpg */; };
		2127A9292475DBC50010C08C /* Data.swift in Sources */ = {isa = PBXBuildFile; fileRef = 2127A9282475DBC50010C08C /* Data.swift */; };
		2127A92B2475DD170010C08C /* LandmarkList.swift in Sources */ = {isa = PBXBuildFile; fileRef = 2127A92A2475DD160010C08C /* LandmarkList.swift */; };
		2155BA1D24797878003AECE0 /* HikeView.swift in Sources */ = {isa = PBXBuildFile; fileRef = 2155BA1C24797878003AECE0 /* HikeView.swift */; };
		2155BA1F247978A0003AECE0 /* Hike.swift in Sources */ = {isa = PBXBuildFile; fileRef = 2155BA1E247978A0003AECE0 /* Hike.swift */; };
		2155BA21247979B3003AECE0 /* HikeGraph.swift in Sources */ = {isa = PBXBuildFile; fileRef = 2155BA20247979B3003AECE0 /* HikeGraph.swift */; };
		2155BA23247979D4003AECE0 /* GraphCapsule.swift in Sources */ = {isa = PBXBuildFile; fileRef = 2155BA22247979D4003AECE0 /* GraphCapsule.swift */; };
		2155BA2524797A09003AECE0 /* HikeDetail.swift in Sources */ = {isa = PBXBuildFile; fileRef = 2155BA2424797A09003AECE0 /* HikeDetail.swift */; };
		2155BA2824797CA8003AECE0 /* hikeData.json in Resources */ = {isa = PBXBuildFile; fileRef = 2155BA2724797CA8003AECE0 /* hikeData.json */; };
		21838387247AC7AB00EA8E59 /* CategoryHome.swift in Sources */ = {isa = PBXBuildFile; fileRef = 21838386247AC7AB00EA8E59 /* CategoryHome.swift */; };
		21838389247AC89800EA8E59 /* CategoryRow.swift in Sources */ = {isa = PBXBuildFile; fileRef = 21838388247AC89800EA8E59 /* CategoryRow.swift */; };
		21A9B5F52476521E00F7195D /* UserData.swift in Sources */ = {isa = PBXBuildFile; fileRef = 21A9B5F42476521E00F7195D /* UserData.swift */; };
		21A9B5F72476560A00F7195D /* Badge.swift in Sources */ = {isa = PBXBuildFile; fileRef = 21A9B5F62476560A00F7195D /* Badge.swift */; };
		21A9B5F9247656B900F7195D /* HexagonParameters.swift in Sources */ = {isa = PBXBuildFile; fileRef = 21A9B5F8247656B900F7195D /* HexagonParameters.swift */; };
		21A9B5FB24765BED00F7195D /* BadgeBackground.swift in Sources */ = {isa = PBXBuildFile; fileRef = 21A9B5FA24765BED00F7195D /* BadgeBackground.swift */; };
		21A9B5FD24765C6100F7195D /* BadgeSymbol.swift in Sources */ = {isa = PBXBuildFile; fileRef = 21A9B5FC24765C6100F7195D /* BadgeSymbol.swift */; };
		21A9B5FF24765D1300F7195D /* RotatedBadgeSymbol.swift in Sources */ = {isa = PBXBuildFile; fileRef = 21A9B5FE24765D1300F7195D /* RotatedBadgeSymbol.swift */; };
/* End PBXBuildFile section */

/* Begin PBXContainerItemProxy section */
		2127A8E62475CEED0010C08C /* PBXContainerItemProxy */ = {
			isa = PBXContainerItemProxy;
			containerPortal = 2127A8C72475CEEC0010C08C /* Project object */;
			proxyType = 1;
			remoteGlobalIDString = 2127A8CE2475CEEC0010C08C;
			remoteInfo = Landmarks;
		};
		2127A8F12475CEED0010C08C /* PBXContainerItemProxy */ = {
			isa = PBXContainerItemProxy;
			containerPortal = 2127A8C72475CEEC0010C08C /* Project object */;
			proxyType = 1;
			remoteGlobalIDString = 2127A8CE2475CEEC0010C08C;
			remoteInfo = Landmarks;
		};
/* End PBXContainerItemProxy section */

/* Begin PBXFileReference section */
		2127A8CF2475CEEC0010C08C /* Landmarks.app */ = {isa = PBXFileReference; explicitFileType = wrapper.application; includeInIndex = 0; path = Landmarks.app; sourceTree = BUILT_PRODUCTS_DIR; };
		2127A8D22475CEEC0010C08C /* AppDelegate.swift */ = {isa = PBXFileReference; lastKnownFileType = sourcecode.swift; path = AppDelegate.swift; sourceTree = "<group>"; };
		2127A8D42475CEEC0010C08C /* SceneDelegate.swift */ = {isa = PBXFileReference; lastKnownFileType = sourcecode.swift; path = SceneDelegate.swift; sourceTree = "<group>"; };
		2127A8D62475CEEC0010C08C /* LandmarkDetail.swift */ = {isa = PBXFileReference; lastKnownFileType = sourcecode.swift; path = LandmarkDetail.swift; sourceTree = "<group>"; };
		2127A8D82475CEED0010C08C /* Assets.xcassets */ = {isa = PBXFileReference; lastKnownFileType = folder.assetcatalog; path = Assets.xcassets; sourceTree = "<group>"; };
		2127A8DB2475CEED0010C08C /* Preview Assets.xcassets */ = {isa = PBXFileReference; lastKnownFileType = folder.assetcatalog; path = "Preview Assets.xcassets"; sourceTree = "<group>"; };
		2127A8DE2475CEED0010C08C /* Base */ = {isa = PBXFileReference; lastKnownFileType = file.storyboard; name = Base; path = Base.lproj/LaunchScreen.storyboard; sourceTree = "<group>"; };
		2127A8E02475CEED0010C08C /* Info.plist */ = {isa = PBXFileReference; lastKnownFileType = text.plist.xml; path = Info.plist; sourceTree = "<group>"; };
		2127A8E52475CEED0010C08C /* LandmarksTests.xctest */ = {isa = PBXFileReference; explicitFileType = wrapper.cfbundle; includeInIndex = 0; path = LandmarksTests.xctest; sourceTree = BUILT_PRODUCTS_DIR; };
		2127A8E92475CEED0010C08C /* LandmarksTests.swift */ = {isa = PBXFileReference; lastKnownFileType = sourcecode.swift; path = LandmarksTests.swift; sourceTree = "<group>"; };
		2127A8EB2475CEED0010C08C /* Info.plist */ = {isa = PBXFileReference; lastKnownFileType = text.plist.xml; path = Info.plist; sourceTree = "<group>"; };
		2127A8F02475CEED0010C08C /* LandmarksUITests.xctest */ = {isa = PBXFileReference; explicitFileType = wrapper.cfbundle; includeInIndex = 0; path = LandmarksUITests.xctest; sourceTree = BUILT_PRODUCTS_DIR; };
		2127A8F42475CEED0010C08C /* LandmarksUITests.swift */ = {isa = PBXFileReference; lastKnownFileType = sourcecode.swift; path = LandmarksUITests.swift; sourceTree = "<group>"; };
		2127A8F62475CEED0010C08C /* Info.plist */ = {isa = PBXFileReference; lastKnownFileType = text.plist.xml; path = Info.plist; sourceTree = "<group>"; };
		2127A9022475D3E50010C08C /* CircleImage.swift */ = {isa = PBXFileReference; lastKnownFileType = sourcecode.swift; path = CircleImage.swift; sourceTree = "<group>"; };
		2127A9042475D4C80010C08C /* MapView.swift */ = {isa = PBXFileReference; lastKnownFileType = sourcecode.swift; path = MapView.swift; sourceTree = "<group>"; };
		2127A9062475D8550010C08C /* LandmarkRow.swift */ = {isa = PBXFileReference; lastKnownFileType = sourcecode.swift; path = LandmarkRow.swift; sourceTree = "<group>"; };
		2127A9092475D9270010C08C /* Landmark.swift */ = {isa = PBXFileReference; lastKnownFileType = sourcecode.swift; path = Landmark.swift; sourceTree = "<group>"; };
		2127A90C2475D9950010C08C /* landmarkData.json */ = {isa = PBXFileReference; lastKnownFileType = text.json; path = landmarkData.json; sourceTree = "<group>"; };
		2127A9102475DB610010C08C /* umbagog.jpg */ = {isa = PBXFileReference; lastKnownFileType = image.jpeg; path = umbagog.jpg; sourceTree = "<group>"; };
		2127A9112475DB610010C08C /* turtlerock.jpg */ = {isa = PBXFileReference; lastKnownFileType = image.jpeg; path = turtlerock.jpg; sourceTree = "<group>"; };
		2127A9122475DB610010C08C /* twinlake.jpg */ = {isa = PBXFileReference; lastKnownFileType = image.jpeg; path = twinlake.jpg; sourceTree = "<group>"; };
		2127A9132475DB610010C08C /* rainbowlake.jpg */ = {isa = PBXFileReference; lastKnownFileType = image.jpeg; path = rainbowlake.jpg; sourceTree = "<group>"; };
		2127A9142475DB610010C08C /* hiddenlake.jpg */ = {isa = PBXFileReference; lastKnownFileType = image.jpeg; path = hiddenlake.jpg; sourceTree = "<group>"; };
		2127A9152475DB610010C08C /* chilkoottrail.jpg */ = {isa = PBXFileReference; lastKnownFileType = image.jpeg; path = chilkoottrail.jpg; sourceTree = "<group>"; };
		2127A9162475DB610010C08C /* icybay.jpg */ = {isa = PBXFileReference; lastKnownFileType = image.jpeg; path = icybay.jpg; sourceTree = "<group>"; };
		2127A9172475DB610010C08C /* silversalmoncreek.jpg */ = {isa = PBXFileReference; lastKnownFileType = image.jpeg; path = silversalmoncreek.jpg; sourceTree = "<group>"; };
		2127A9182475DB610010C08C /* stmarylake.jpg */ = {isa = PBXFileReference; lastKnownFileType = image.jpeg; path = stmarylake.jpg; sourceTree = "<group>"; };
		2127A9192475DB610010C08C /* yukon_charleyrivers.jpg */ = {isa = PBXFileReference; lastKnownFileType = image.jpeg; path = yukon_charleyrivers.jpg; sourceTree = "<group>"; };
		2127A91A2475DB610010C08C /* lakemcdonald.jpg */ = {isa = PBXFileReference; lastKnownFileType = image.jpeg; path = lakemcdonald.jpg; sourceTree = "<group>"; };
		2127A91B2475DB610010C08C /* chincoteague.jpg */ = {isa = PBXFileReference; lastKnownFileType = image.jpeg; path = chincoteague.jpg; sourceTree = "<group>"; };
		2127A9282475DBC50010C08C /* Data.swift */ = {isa = PBXFileReference; lastKnownFileType = sourcecode.swift; path = Data.swift; sourceTree = "<group>"; };
		2127A92A2475DD160010C08C /* LandmarkList.swift */ = {isa = PBXFileReference; lastKnownFileType = sourcecode.swift; path = LandmarkList.swift; sourceTree = "<group>"; };
		2155BA1C24797878003AECE0 /* HikeView.swift */ = {isa = PBXFileReference; lastKnownFileType = sourcecode.swift; path = HikeView.swift; sourceTree = "<group>"; };
		2155BA1E247978A0003AECE0 /* Hike.swift */ = {isa = PBXFileReference; lastKnownFileType = sourcecode.swift; path = Hike.swift; sourceTree = "<group>"; };
		2155BA20247979B3003AECE0 /* HikeGraph.swift */ = {isa = PBXFileReference; lastKnownFileType = sourcecode.swift; path = HikeGraph.swift; sourceTree = "<group>"; };
		2155BA22247979D4003AECE0 /* GraphCapsule.swift */ = {isa = PBXFileReference; lastKnownFileType = sourcecode.swift; path = GraphCapsule.swift; sourceTree = "<group>"; };
		2155BA2424797A09003AECE0 /* HikeDetail.swift */ = {isa = PBXFileReference; lastKnownFileType = sourcecode.swift; path = HikeDetail.swift; sourceTree = "<group>"; };
		2155BA2724797CA8003AECE0 /* hikeData.json */ = {isa = PBXFileReference; lastKnownFileType = text.json; path = hikeData.json; sourceTree = "<group>"; };
		21838386247AC7AB00EA8E59 /* CategoryHome.swift */ = {isa = PBXFileReference; lastKnownFileType = sourcecode.swift; path = CategoryHome.swift; sourceTree = "<group>"; };
		21838388247AC89800EA8E59 /* CategoryRow.swift */ = {isa = PBXFileReference; lastKnownFileType = sourcecode.swift; path = CategoryRow.swift; sourceTree = "<group>"; };
		21A9B5F42476521E00F7195D /* UserData.swift */ = {isa = PBXFileReference; lastKnownFileType = sourcecode.swift; path = UserData.swift; sourceTree = "<group>"; };
		21A9B5F62476560A00F7195D /* Badge.swift */ = {isa = PBXFileReference; lastKnownFileType = sourcecode.swift; path = Badge.swift; sourceTree = "<group>"; };
		21A9B5F8247656B900F7195D /* HexagonParameters.swift */ = {isa = PBXFileReference; lastKnownFileType = sourcecode.swift; path = HexagonParameters.swift; sourceTree = "<group>"; };
		21A9B5FA24765BED00F7195D /* BadgeBackground.swift */ = {isa = PBXFileReference; lastKnownFileType = sourcecode.swift; path = BadgeBackground.swift; sourceTree = "<group>"; };
		21A9B5FC24765C6100F7195D /* BadgeSymbol.swift */ = {isa = PBXFileReference; lastKnownFileType = sourcecode.swift; path = BadgeSymbol.swift; sourceTree = "<group>"; };
		21A9B5FE24765D1300F7195D /* RotatedBadgeSymbol.swift */ = {isa = PBXFileReference; lastKnownFileType = sourcecode.swift; path = RotatedBadgeSymbol.swift; sourceTree = "<group>"; };
/* End PBXFileReference section */

/* Begin PBXFrameworksBuildPhase section */
		2127A8CC2475CEEC0010C08C /* Frameworks */ = {
			isa = PBXFrameworksBuildPhase;
			buildActionMask = 2147483647;
			files = (
			);
			runOnlyForDeploymentPostprocessing = 0;
		};
		2127A8E22475CEED0010C08C /* Frameworks */ = {
			isa = PBXFrameworksBuildPhase;
			buildActionMask = 2147483647;
			files = (
			);
			runOnlyForDeploymentPostprocessing = 0;
		};
		2127A8ED2475CEED0010C08C /* Frameworks */ = {
			isa = PBXFrameworksBuildPhase;
			buildActionMask = 2147483647;
			files = (
			);
			runOnlyForDeploymentPostprocessing = 0;
		};
/* End PBXFrameworksBuildPhase section */

/* Begin PBXGroup section */
		2127A8C62475CEEC0010C08C = {
			isa = PBXGroup;
			children = (
				2127A8D12475CEEC0010C08C /* Landmarks */,
				2127A8E82475CEED0010C08C /* LandmarksTests */,
				2127A8F32475CEED0010C08C /* LandmarksUITests */,
				2127A8D02475CEEC0010C08C /* Products */,
			);
			sourceTree = "<group>";
		};
		2127A8D02475CEEC0010C08C /* Products */ = {
			isa = PBXGroup;
			children = (
				2127A8CF2475CEEC0010C08C /* Landmarks.app */,
				2127A8E52475CEED0010C08C /* LandmarksTests.xctest */,
				2127A8F02475CEED0010C08C /* LandmarksUITests.xctest */,
			);
			name = Products;
			sourceTree = "<group>";
		};
		2127A8D12475CEEC0010C08C /* Landmarks */ = {
			isa = PBXGroup;
			children = (
				2127A9082475D90A0010C08C /* Models */,
				2127A8D22475CEEC0010C08C /* AppDelegate.swift */,
				2127A8D42475CEEC0010C08C /* SceneDelegate.swift */,
				21838386247AC7AB00EA8E59 /* CategoryHome.swift */,
				21838388247AC89800EA8E59 /* CategoryRow.swift */,
				2127A8D62475CEEC0010C08C /* LandmarkDetail.swift */,
				2127A9062475D8550010C08C /* LandmarkRow.swift */,
				2127A92A2475DD160010C08C /* LandmarkList.swift */,
				2155BA1C24797878003AECE0 /* HikeView.swift */,
				2155BA2424797A09003AECE0 /* HikeDetail.swift */,
				21A9B5F8247656B900F7195D /* HexagonParameters.swift */,
				21A9B5B12475E38B00F7195D /* Supporting Views */,
				2127A90B2475D95F0010C08C /* Resources */,
				2127A8D82475CEED0010C08C /* Assets.xcassets */,
				2127A8DD2475CEED0010C08C /* LaunchScreen.storyboard */,
				2127A8E02475CEED0010C08C /* Info.plist */,
				2127A8DA2475CEED0010C08C /* Preview Content */,
			);
			path = Landmarks;
			sourceTree = "<group>";
		};
		2127A8DA2475CEED0010C08C /* Preview Content */ = {
			isa = PBXGroup;
			children = (
				2127A8DB2475CEED0010C08C /* Preview Assets.xcassets */,
			);
			path = "Preview Content";
			sourceTree = "<group>";
		};
		2127A8E82475CEED0010C08C /* LandmarksTests */ = {
			isa = PBXGroup;
			children = (
				2127A8E92475CEED0010C08C /* LandmarksTests.swift */,
				2127A8EB2475CEED0010C08C /* Info.plist */,
			);
			path = LandmarksTests;
			sourceTree = "<group>";
		};
		2127A8F32475CEED0010C08C /* LandmarksUITests */ = {
			isa = PBXGroup;
			children = (
				2127A8F42475CEED0010C08C /* LandmarksUITests.swift */,
				2127A8F62475CEED0010C08C /* Info.plist */,
			);
			path = LandmarksUITests;
			sourceTree = "<group>";
		};
		2127A9082475D90A0010C08C /* Models */ = {
			isa = PBXGroup;
			children = (
				2127A9092475D9270010C08C /* Landmark.swift */,
				2127A9282475DBC50010C08C /* Data.swift */,
				21A9B5F42476521E00F7195D /* UserData.swift */,
				2155BA1E247978A0003AECE0 /* Hike.swift */,
			);
			path = Models;
			sourceTree = "<group>";
		};
		2127A90B2475D95F0010C08C /* Resources */ = {
			isa = PBXGroup;
			children = (
				2127A90C2475D9950010C08C /* landmarkData.json */,
				2155BA2724797CA8003AECE0 /* hikeData.json */,
				2127A9152475DB610010C08C /* chilkoottrail.jpg */,
				2127A91B2475DB610010C08C /* chincoteague.jpg */,
				2127A9142475DB610010C08C /* hiddenlake.jpg */,
				2127A9162475DB610010C08C /* icybay.jpg */,
				2127A91A2475DB610010C08C /* lakemcdonald.jpg */,
				2127A9132475DB610010C08C /* rainbowlake.jpg */,
				2127A9172475DB610010C08C /* silversalmoncreek.jpg */,
				2127A9182475DB610010C08C /* stmarylake.jpg */,
				2127A9112475DB610010C08C /* turtlerock.jpg */,
				2127A9122475DB610010C08C /* twinlake.jpg */,
				2127A9102475DB610010C08C /* umbagog.jpg */,
				2127A9192475DB610010C08C /* yukon_charleyrivers.jpg */,
			);
			path = Resources;
			sourceTree = "<group>";
		};
		21A9B5B12475E38B00F7195D /* Supporting Views */ = {
			isa = PBXGroup;
			children = (
				21A9B5F62476560A00F7195D /* Badge.swift */,
				21A9B5FA24765BED00F7195D /* BadgeBackground.swift */,
				21A9B5FC24765C6100F7195D /* BadgeSymbol.swift */,
				21A9B5FE24765D1300F7195D /* RotatedBadgeSymbol.swift */,
				2127A9022475D3E50010C08C /* CircleImage.swift */,
				2127A9042475D4C80010C08C /* MapView.swift */,
				2155BA20247979B3003AECE0 /* HikeGraph.swift */,
				2155BA22247979D4003AECE0 /* GraphCapsule.swift */,
			);
			path = "Supporting Views";
			sourceTree = "<group>";
		};
/* End PBXGroup section */

/* Begin PBXNativeTarget section */
		2127A8CE2475CEEC0010C08C /* Landmarks */ = {
			isa = PBXNativeTarget;
			buildConfigurationList = 2127A8F92475CEED0010C08C /* Build configuration list for PBXNativeTarget "Landmarks" */;
			buildPhases = (
				2127A8CB2475CEEC0010C08C /* Sources */,
				2127A8CC2475CEEC0010C08C /* Frameworks */,
				2127A8CD2475CEEC0010C08C /* Resources */,
			);
			buildRules = (
			);
			dependencies = (
			);
			name = Landmarks;
			productName = Landmarks;
			productReference = 2127A8CF2475CEEC0010C08C /* Landmarks.app */;
			productType = "com.apple.product-type.application";
		};
		2127A8E42475CEED0010C08C /* LandmarksTests */ = {
			isa = PBXNativeTarget;
			buildConfigurationList = 2127A8FC2475CEED0010C08C /* Build configuration list for PBXNativeTarget "LandmarksTests" */;
			buildPhases = (
				2127A8E12475CEED0010C08C /* Sources */,
				2127A8E22475CEED0010C08C /* Frameworks */,
				2127A8E32475CEED0010C08C /* Resources */,
			);
			buildRules = (
			);
			dependencies = (
				2127A8E72475CEED0010C08C /* PBXTargetDependency */,
			);
			name = LandmarksTests;
			productName = LandmarksTests;
			productReference = 2127A8E52475CEED0010C08C /* LandmarksTests.xctest */;
			productType = "com.apple.product-type.bundle.unit-test";
		};
		2127A8EF2475CEED0010C08C /* LandmarksUITests */ = {
			isa = PBXNativeTarget;
			buildConfigurationList = 2127A8FF2475CEED0010C08C /* Build configuration list for PBXNativeTarget "LandmarksUITests" */;
			buildPhases = (
				2127A8EC2475CEED0010C08C /* Sources */,
				2127A8ED2475CEED0010C08C /* Frameworks */,
				2127A8EE2475CEED0010C08C /* Resources */,
			);
			buildRules = (
			);
			dependencies = (
				2127A8F22475CEED0010C08C /* PBXTargetDependency */,
			);
			name = LandmarksUITests;
			productName = LandmarksUITests;
			productReference = 2127A8F02475CEED0010C08C /* LandmarksUITests.xctest */;
			productType = "com.apple.product-type.bundle.ui-testing";
		};
/* End PBXNativeTarget section */

/* Begin PBXProject section */
		2127A8C72475CEEC0010C08C /* Project object */ = {
			isa = PBXProject;
			attributes = {
				LastSwiftUpdateCheck = 1140;
				LastUpgradeCheck = 1140;
				ORGANIZATIONNAME = Thimble;
				TargetAttributes = {
					2127A8CE2475CEEC0010C08C = {
						CreatedOnToolsVersion = 11.4.1;
					};
					2127A8E42475CEED0010C08C = {
						CreatedOnToolsVersion = 11.4.1;
						TestTargetID = 2127A8CE2475CEEC0010C08C;
					};
					2127A8EF2475CEED0010C08C = {
						CreatedOnToolsVersion = 11.4.1;
						TestTargetID = 2127A8CE2475CEEC0010C08C;
					};
				};
			};
			buildConfigurationList = 2127A8CA2475CEEC0010C08C /* Build configuration list for PBXProject "Landmarks" */;
			compatibilityVersion = "Xcode 9.3";
			developmentRegion = en;
			hasScannedForEncodings = 0;
			knownRegions = (
				en,
				Base,
			);
			mainGroup = 2127A8C62475CEEC0010C08C;
			productRefGroup = 2127A8D02475CEEC0010C08C /* Products */;
			projectDirPath = "";
			projectRoot = "";
			targets = (
				2127A8CE2475CEEC0010C08C /* Landmarks */,
				2127A8E42475CEED0010C08C /* LandmarksTests */,
				2127A8EF2475CEED0010C08C /* LandmarksUITests */,
			);
		};
/* End PBXProject section */

/* Begin PBXResourcesBuildPhase section */
		2127A8CD2475CEEC0010C08C /* Resources */ = {
			isa = PBXResourcesBuildPhase;
			buildActionMask = 2147483647;
			files = (
				2127A9252475DB610010C08C /* yukon_charleyrivers.jpg in Resources */,
				2127A8DF2475CEED0010C08C /* LaunchScreen.storyboard in Resources */,
				2155BA2824797CA8003AECE0 /* hikeData.json in Resources */,
				2127A90D2475D9950010C08C /* landmarkData.json in Resources */,
				2127A91D2475DB610010C08C /* turtlerock.jpg in Resources */,
				2127A9242475DB610010C08C /* stmarylake.jpg in Resources */,
				2127A9212475DB610010C08C /* chilkoottrail.jpg in Resources */,
				2127A9262475DB610010C08C /* lakemcdonald.jpg in Resources */,
				2127A9222475DB610010C08C /* icybay.jpg in Resources */,
				2127A8DC2475CEED0010C08C /* Preview Assets.xcassets in Resources */,
				2127A91E2475DB610010C08C /* twinlake.jpg in Resources */,
				2127A91F2475DB610010C08C /* rainbowlake.jpg in Resources */,
				2127A8D92475CEED0010C08C /* Assets.xcassets in Resources */,
				2127A9232475DB610010C08C /* silversalmoncreek.jpg in Resources */,
				2127A9202475DB610010C08C /* hiddenlake.jpg in Resources */,
				2127A9272475DB610010C08C /* chincoteague.jpg in Resources */,
				2127A91C2475DB610010C08C /* umbagog.jpg in Resources */,
			);
			runOnlyForDeploymentPostprocessing = 0;
		};
		2127A8E32475CEED0010C08C /* Resources */ = {
			isa = PBXResourcesBuildPhase;
			buildActionMask = 2147483647;
			files = (
			);
			runOnlyForDeploymentPostprocessing = 0;
		};
		2127A8EE2475CEED0010C08C /* Resources */ = {
			isa = PBXResourcesBuildPhase;
			buildActionMask = 2147483647;
			files = (
			);
			runOnlyForDeploymentPostprocessing = 0;
		};
/* End PBXResourcesBuildPhase section */

/* Begin PBXSourcesBuildPhase section */
		2127A8CB2475CEEC0010C08C /* Sources */ = {
			isa = PBXSourcesBuildPhase;
			buildActionMask = 2147483647;
			files = (
				21838389247AC89800EA8E59 /* CategoryRow.swift in Sources */,
				2155BA1F247978A0003AECE0 /* Hike.swift in Sources */,
				21838387247AC7AB00EA8E59 /* CategoryHome.swift in Sources */,
				2155BA21247979B3003AECE0 /* HikeGraph.swift in Sources */,
				21A9B5F9247656B900F7195D /* HexagonParameters.swift in Sources */,
				2127A90A2475D9270010C08C /* Landmark.swift in Sources */,
				2127A8D32475CEEC0010C08C /* AppDelegate.swift in Sources */,
				21A9B5FB24765BED00F7195D /* BadgeBackground.swift in Sources */,
				21A9B5F72476560A00F7195D /* Badge.swift in Sources */,
				2155BA1D24797878003AECE0 /* HikeView.swift in Sources */,
				2127A9032475D3E50010C08C /* CircleImage.swift in Sources */,
				2127A9072475D8550010C08C /* LandmarkRow.swift in Sources */,
				21A9B5FD24765C6100F7195D /* BadgeSymbol.swift in Sources */,
				21A9B5FF24765D1300F7195D /* RotatedBadgeSymbol.swift in Sources */,
				2127A92B2475DD170010C08C /* LandmarkList.swift in Sources */,
				2127A9052475D4C80010C08C /* MapView.swift in Sources */,
				2127A8D52475CEEC0010C08C /* SceneDelegate.swift in Sources */,
				2127A8D72475CEEC0010C08C /* LandmarkDetail.swift in Sources */,
				21A9B5F52476521E00F7195D /* UserData.swift in Sources */,
				2155BA23247979D4003AECE0 /* GraphCapsule.swift in Sources */,
				2127A9292475DBC50010C08C /* Data.swift in Sources */,
				2155BA2524797A09003AECE0 /* HikeDetail.swift in Sources */,
			);
			runOnlyForDeploymentPostprocessing = 0;
		};
		2127A8E12475CEED0010C08C /* Sources */ = {
			isa = PBXSourcesBuildPhase;
			buildActionMask = 2147483647;
			files = (
				2127A8EA2475CEED0010C08C /* LandmarksTests.swift in Sources */,
			);
			runOnlyForDeploymentPostprocessing = 0;
		};
		2127A8EC2475CEED0010C08C /* Sources */ = {
			isa = PBXSourcesBuildPhase;
			buildActionMask = 2147483647;
			files = (
				2127A8F52475CEED0010C08C /* LandmarksUITests.swift in Sources */,
			);
			runOnlyForDeploymentPostprocessing = 0;
		};
/* End PBXSourcesBuildPhase section */

/* Begin PBXTargetDependency section */
		2127A8E72475CEED0010C08C /* PBXTargetDependency */ = {
			isa = PBXTargetDependency;
			target = 2127A8CE2475CEEC0010C08C /* Landmarks */;
			targetProxy = 2127A8E62475CEED0010C08C /* PBXContainerItemProxy */;
		};
		2127A8F22475CEED0010C08C /* PBXTargetDependency */ = {
			isa = PBXTargetDependency;
			target = 2127A8CE2475CEEC0010C08C /* Landmarks */;
			targetProxy = 2127A8F12475CEED0010C08C /* PBXContainerItemProxy */;
		};
/* End PBXTargetDependency section */

/* Begin PBXVariantGroup section */
		2127A8DD2475CEED0010C08C /* LaunchScreen.storyboard */ = {
			isa = PBXVariantGroup;
			children = (
				2127A8DE2475CEED0010C08C /* Base */,
			);
			name = LaunchScreen.storyboard;
			sourceTree = "<group>";
		};
/* End PBXVariantGroup section */

/* Begin XCBuildConfiguration section */
		2127A8F72475CEED0010C08C /* Debug */ = {
			isa = XCBuildConfiguration;
			buildSettings = {
				ALWAYS_SEARCH_USER_PATHS = NO;
				CLANG_ANALYZER_NONNULL = YES;
				CLANG_ANALYZER_NUMBER_OBJECT_CONVERSION = YES_AGGRESSIVE;
				CLANG_CXX_LANGUAGE_STANDARD = "gnu++14";
				CLANG_CXX_LIBRARY = "libc++";
				CLANG_ENABLE_MODULES = YES;
				CLANG_ENABLE_OBJC_ARC = YES;
				CLANG_ENABLE_OBJC_WEAK = YES;
				CLANG_WARN_BLOCK_CAPTURE_AUTORELEASING = YES;
				CLANG_WARN_BOOL_CONVERSION = YES;
				CLANG_WARN_COMMA = YES;
				CLANG_WARN_CONSTANT_CONVERSION = YES;
				CLANG_WARN_DEPRECATED_OBJC_IMPLEMENTATIONS = YES;
				CLANG_WARN_DIRECT_OBJC_ISA_USAGE = YES_ERROR;
				CLANG_WARN_DOCUMENTATION_COMMENTS = YES;
				CLANG_WARN_EMPTY_BODY = YES;
				CLANG_WARN_ENUM_CONVERSION = YES;
				CLANG_WARN_INFINITE_RECURSION = YES;
				CLANG_WARN_INT_CONVERSION = YES;
				CLANG_WARN_NON_LITERAL_NULL_CONVERSION = YES;
				CLANG_WARN_OBJC_IMPLICIT_RETAIN_SELF = YES;
				CLANG_WARN_OBJC_LITERAL_CONVERSION = YES;
				CLANG_WARN_OBJC_ROOT_CLASS = YES_ERROR;
				CLANG_WARN_RANGE_LOOP_ANALYSIS = YES;
				CLANG_WARN_STRICT_PROTOTYPES = YES;
				CLANG_WARN_SUSPICIOUS_MOVE = YES;
				CLANG_WARN_UNGUARDED_AVAILABILITY = YES_AGGRESSIVE;
				CLANG_WARN_UNREACHABLE_CODE = YES;
				CLANG_WARN__DUPLICATE_METHOD_MATCH = YES;
				COPY_PHASE_STRIP = NO;
				DEBUG_INFORMATION_FORMAT = dwarf;
				ENABLE_STRICT_OBJC_MSGSEND = YES;
				ENABLE_TESTABILITY = YES;
				GCC_C_LANGUAGE_STANDARD = gnu11;
				GCC_DYNAMIC_NO_PIC = NO;
				GCC_NO_COMMON_BLOCKS = YES;
				GCC_OPTIMIZATION_LEVEL = 0;
				GCC_PREPROCESSOR_DEFINITIONS = (
					"DEBUG=1",
					"$(inherited)",
				);
				GCC_WARN_64_TO_32_BIT_CONVERSION = YES;
				GCC_WARN_ABOUT_RETURN_TYPE = YES_ERROR;
				GCC_WARN_UNDECLARED_SELECTOR = YES;
				GCC_WARN_UNINITIALIZED_AUTOS = YES_AGGRESSIVE;
				GCC_WARN_UNUSED_FUNCTION = YES;
				GCC_WARN_UNUSED_VARIABLE = YES;
				IPHONEOS_DEPLOYMENT_TARGET = 13.4;
				MTL_ENABLE_DEBUG_INFO = INCLUDE_SOURCE;
				MTL_FAST_MATH = YES;
				ONLY_ACTIVE_ARCH = YES;
				SDKROOT = iphoneos;
				SWIFT_ACTIVE_COMPILATION_CONDITIONS = DEBUG;
				SWIFT_OPTIMIZATION_LEVEL = "-Onone";
			};
			name = Debug;
		};
		2127A8F82475CEED0010C08C /* Release */ = {
			isa = XCBuildConfiguration;
			buildSettings = {
				ALWAYS_SEARCH_USER_PATHS = NO;
				CLANG_ANALYZER_NONNULL = YES;
				CLANG_ANALYZER_NUMBER_OBJECT_CONVERSION = YES_AGGRESSIVE;
				CLANG_CXX_LANGUAGE_STANDARD = "gnu++14";
				CLANG_CXX_LIBRARY = "libc++";
				CLANG_ENABLE_MODULES = YES;
				CLANG_ENABLE_OBJC_ARC = YES;
				CLANG_ENABLE_OBJC_WEAK = YES;
				CLANG_WARN_BLOCK_CAPTURE_AUTORELEASING = YES;
				CLANG_WARN_BOOL_CONVERSION = YES;
				CLANG_WARN_COMMA = YES;
				CLANG_WARN_CONSTANT_CONVERSION = YES;
				CLANG_WARN_DEPRECATED_OBJC_IMPLEMENTATIONS = YES;
				CLANG_WARN_DIRECT_OBJC_ISA_USAGE = YES_ERROR;
				CLANG_WARN_DOCUMENTATION_COMMENTS = YES;
				CLANG_WARN_EMPTY_BODY = YES;
				CLANG_WARN_ENUM_CONVERSION = YES;
				CLANG_WARN_INFINITE_RECURSION = YES;
				CLANG_WARN_INT_CONVERSION = YES;
				CLANG_WARN_NON_LITERAL_NULL_CONVERSION = YES;
				CLANG_WARN_OBJC_IMPLICIT_RETAIN_SELF = YES;
				CLANG_WARN_OBJC_LITERAL_CONVERSION = YES;
				CLANG_WARN_OBJC_ROOT_CLASS = YES_ERROR;
				CLANG_WARN_RANGE_LOOP_ANALYSIS = YES;
				CLANG_WARN_STRICT_PROTOTYPES = YES;
				CLANG_WARN_SUSPICIOUS_MOVE = YES;
				CLANG_WARN_UNGUARDED_AVAILABILITY = YES_AGGRESSIVE;
				CLANG_WARN_UNREACHABLE_CODE = YES;
				CLANG_WARN__DUPLICATE_METHOD_MATCH = YES;
				COPY_PHASE_STRIP = NO;
				DEBUG_INFORMATION_FORMAT = "dwarf-with-dsym";
				ENABLE_NS_ASSERTIONS = NO;
				ENABLE_STRICT_OBJC_MSGSEND = YES;
				GCC_C_LANGUAGE_STANDARD = gnu11;
				GCC_NO_COMMON_BLOCKS = YES;
				GCC_WARN_64_TO_32_BIT_CONVERSION = YES;
				GCC_WARN_ABOUT_RETURN_TYPE = YES_ERROR;
				GCC_WARN_UNDECLARED_SELECTOR = YES;
				GCC_WARN_UNINITIALIZED_AUTOS = YES_AGGRESSIVE;
				GCC_WARN_UNUSED_FUNCTION = YES;
				GCC_WARN_UNUSED_VARIABLE = YES;
				IPHONEOS_DEPLOYMENT_TARGET = 13.4;
				MTL_ENABLE_DEBUG_INFO = NO;
				MTL_FAST_MATH = YES;
				SDKROOT = iphoneos;
				SWIFT_COMPILATION_MODE = wholemodule;
				SWIFT_OPTIMIZATION_LEVEL = "-O";
				VALIDATE_PRODUCT = YES;
			};
			name = Release;
		};
		2127A8FA2475CEED0010C08C /* Debug */ = {
			isa = XCBuildConfiguration;
			buildSettings = {
				ASSETCATALOG_COMPILER_APPICON_NAME = AppIcon;
				CODE_SIGN_STYLE = Automatic;
				DEVELOPMENT_ASSET_PATHS = "\"Landmarks/Preview Content\"";
				ENABLE_PREVIEWS = YES;
				INFOPLIST_FILE = Landmarks/Info.plist;
				LD_RUNPATH_SEARCH_PATHS = (
					"$(inherited)",
					"@executable_path/Frameworks",
				);
				PRODUCT_BUNDLE_IDENTIFIER = thimble.Landmarks;
				PRODUCT_NAME = "$(TARGET_NAME)";
				SWIFT_VERSION = 5.0;
				TARGETED_DEVICE_FAMILY = "1,2";
			};
			name = Debug;
		};
		2127A8FB2475CEED0010C08C /* Release */ = {
			isa = XCBuildConfiguration;
			buildSettings = {
				ASSETCATALOG_COMPILER_APPICON_NAME = AppIcon;
				CODE_SIGN_STYLE = Automatic;
				DEVELOPMENT_ASSET_PATHS = "\"Landmarks/Preview Content\"";
				ENABLE_PREVIEWS = YES;
				INFOPLIST_FILE = Landmarks/Info.plist;
				LD_RUNPATH_SEARCH_PATHS = (
					"$(inherited)",
					"@executable_path/Frameworks",
				);
				PRODUCT_BUNDLE_IDENTIFIER = thimble.Landmarks;
				PRODUCT_NAME = "$(TARGET_NAME)";
				SWIFT_VERSION = 5.0;
				TARGETED_DEVICE_FAMILY = "1,2";
			};
			name = Release;
		};
		2127A8FD2475CEED0010C08C /* Debug */ = {
			isa = XCBuildConfiguration;
			buildSettings = {
				ALWAYS_EMBED_SWIFT_STANDARD_LIBRARIES = YES;
				BUNDLE_LOADER = "$(TEST_HOST)";
				CODE_SIGN_STYLE = Automatic;
				INFOPLIST_FILE = LandmarksTests/Info.plist;
				IPHONEOS_DEPLOYMENT_TARGET = 13.4;
				LD_RUNPATH_SEARCH_PATHS = (
					"$(inherited)",
					"@executable_path/Frameworks",
					"@loader_path/Frameworks",
				);
				PRODUCT_BUNDLE_IDENTIFIER = thimble.LandmarksTests;
				PRODUCT_NAME = "$(TARGET_NAME)";
				SWIFT_VERSION = 5.0;
				TARGETED_DEVICE_FAMILY = "1,2";
				TEST_HOST = "$(BUILT_PRODUCTS_DIR)/Landmarks.app/Landmarks";
			};
			name = Debug;
		};
		2127A8FE2475CEED0010C08C /* Release */ = {
			isa = XCBuildConfiguration;
			buildSettings = {
				ALWAYS_EMBED_SWIFT_STANDARD_LIBRARIES = YES;
				BUNDLE_LOADER = "$(TEST_HOST)";
				CODE_SIGN_STYLE = Automatic;
				INFOPLIST_FILE = LandmarksTests/Info.plist;
				IPHONEOS_DEPLOYMENT_TARGET = 13.4;
				LD_RUNPATH_SEARCH_PATHS = (
					"$(inherited)",
					"@executable_path/Frameworks",
					"@loader_path/Frameworks",
				);
				PRODUCT_BUNDLE_IDENTIFIER = thimble.LandmarksTests;
				PRODUCT_NAME = "$(TARGET_NAME)";
				SWIFT_VERSION = 5.0;
				TARGETED_DEVICE_FAMILY = "1,2";
				TEST_HOST = "$(BUILT_PRODUCTS_DIR)/Landmarks.app/Landmarks";
			};
			name = Release;
		};
		2127A9002475CEED0010C08C /* Debug */ = {
			isa = XCBuildConfiguration;
			buildSettings = {
				ALWAYS_EMBED_SWIFT_STANDARD_LIBRARIES = YES;
				CODE_SIGN_STYLE = Automatic;
				INFOPLIST_FILE = LandmarksUITests/Info.plist;
				LD_RUNPATH_SEARCH_PATHS = (
					"$(inherited)",
					"@executable_path/Frameworks",
					"@loader_path/Frameworks",
				);
				PRODUCT_BUNDLE_IDENTIFIER = thimble.LandmarksUITests;
				PRODUCT_NAME = "$(TARGET_NAME)";
				SWIFT_VERSION = 5.0;
				TARGETED_DEVICE_FAMILY = "1,2";
				TEST_TARGET_NAME = Landmarks;
			};
			name = Debug;
		};
		2127A9012475CEED0010C08C /* Release */ = {
			isa = XCBuildConfiguration;
			buildSettings = {
				ALWAYS_EMBED_SWIFT_STANDARD_LIBRARIES = YES;
				CODE_SIGN_STYLE = Automatic;
				INFOPLIST_FILE = LandmarksUITests/Info.plist;
				LD_RUNPATH_SEARCH_PATHS = (
					"$(inherited)",
					"@executable_path/Frameworks",
					"@loader_path/Frameworks",
				);
				PRODUCT_BUNDLE_IDENTIFIER = thimble.LandmarksUITests;
				PRODUCT_NAME = "$(TARGET_NAME)";
				SWIFT_VERSION = 5.0;
				TARGETED_DEVICE_FAMILY = "1,2";
				TEST_TARGET_NAME = Landmarks;
			};
			name = Release;
		};
/* End XCBuildConfiguration section */

/* Begin XCConfigurationList section */
		2127A8CA2475CEEC0010C08C /* Build configuration list for PBXProject "Landmarks" */ = {
			isa = XCConfigurationList;
			buildConfigurations = (
				2127A8F72475CEED0010C08C /* Debug */,
				2127A8F82475CEED0010C08C /* Release */,
			);
			defaultConfigurationIsVisible = 0;
			defaultConfigurationName = Release;
		};
		2127A8F92475CEED0010C08C /* Build configuration list for PBXNativeTarget "Landmarks" */ = {
			isa = XCConfigurationList;
			buildConfigurations = (
				2127A8FA2475CEED0010C08C /* Debug */,
				2127A8FB2475CEED0010C08C /* Release */,
			);
			defaultConfigurationIsVisible = 0;
			defaultConfigurationName = Release;
		};
		2127A8FC2475CEED0010C08C /* Build configuration list for PBXNativeTarget "LandmarksTests" */ = {
			isa = XCConfigurationList;
			buildConfigurations = (
				2127A8FD2475CEED0010C08C /* Debug */,
				2127A8FE2475CEED0010C08C /* Release */,
			);
			defaultConfigurationIsVisible = 0;
			defaultConfigurationName = Release;
		};
		2127A8FF2475CEED0010C08C /* Build configuration list for PBXNativeTarget "LandmarksUITests" */ = {
			isa = XCConfigurationList;
			buildConfigurations = (
				2127A9002475CEED0010C08C /* Debug */,
				2127A9012475CEED0010C08C /* Release */,
			);
			defaultConfigurationIsVisible = 0;
			defaultConfigurationName = Release;
		};
/* End XCConfigurationList section */
	};
	rootObject = 2127A8C72475CEEC0010C08C /* Project object */;
}
